
Microsoft Visual Studio Solution File, Format Version 12.00
# Visual Studio Version 16
VisualStudioVersion = 16.0.30907.101
MinimumVisualStudioVersion = 10.0.40219.1
Project("{FAE04EC0-301F-11D3-BF4B-00C04F79EFBC}") = "Olimpyad Task2", "Olimpyad Task2\Olimpyad Task2.csproj", "{19D9E3DC-9641-4D19-89F6-6E023EDC413F}"
EndProject
Global
	GlobalSection(SolutionConfigurationPlatforms) = preSolution
		Debug|Any CPU = Debug|Any CPU
		Release|Any CPU = Release|Any CPU
	EndGlobalSection
	GlobalSection(ProjectConfigurationPlatforms) = postSolution
		{19D9E3DC-9641-4D19-89F6-6E023EDC413F}.Debug|Any CPU.ActiveCfg = Debug|Any CPU
		{19D9E3DC-9641-4D19-89F6-6E023EDC413F}.Debug|Any CPU.Build.0 = Debug|Any CPU
		{19D9E3DC-9641-4D19-89F6-6E023EDC413F}.Release|Any CPU.ActiveCfg = Release|Any CPU
		{19D9E3DC-9641-4D19-89F6-6E023EDC413F}.Release|Any CPU.Build.0 = Release|Any CPU
	EndGlobalSection
	GlobalSection(SolutionProperties) = preSolution
		HideSolutionNode = FALSE
	EndGlobalSection
	GlobalSection(ExtensibilityGlobals) = postSolution
		SolutionGuid = {0B1EF5EF-FB40-417B-8039-A7DB413D3DBE}
	EndGlobalSection
EndGlobal
